
Microsoft Visual Studio Solution File, Format Version 12.00
# Visual Studio Version 17
VisualStudioVersion = 17.3.32819.101
MinimumVisualStudioVersion = 10.0.40219.1
Project("{FAE04EC0-301F-11D3-BF4B-00C04F79EFBC}") = "SqlCommand - Insert", "SqlCommand - Insert\SqlCommand - Insert.csproj", "{23A2261F-6B64-4878-97E8-DC1B7BA1E27A}"
EndProject
Global
	GlobalSection(SolutionConfigurationPlatforms) = preSolution
		Debug|Any CPU = Debug|Any CPU
		Release|Any CPU = Release|Any CPU
	EndGlobalSection
	GlobalSection(ProjectConfigurationPlatforms) = postSolution
		{23A2261F-6B64-4878-97E8-DC1B7BA1E27A}.Debug|Any CPU.ActiveCfg = Debug|Any CPU
		{23A2261F-6B64-4878-97E8-DC1B7BA1E27A}.Debug|Any CPU.Build.0 = Debug|Any CPU
		{23A2261F-6B64-4878-97E8-DC1B7BA1E27A}.Release|Any CPU.ActiveCfg = Release|Any CPU
		{23A2261F-6B64-4878-97E8-DC1B7BA1E27A}.Release|Any CPU.Build.0 = Release|Any CPU
	EndGlobalSection
	GlobalSection(SolutionProperties) = preSolution
		HideSolutionNode = FALSE
	EndGlobalSection
	GlobalSection(ExtensibilityGlobals) = postSolution
		SolutionGuid = {EF146A3E-0537-4640-8122-741AC2474EBA}
	EndGlobalSection
EndGlobal
